
Microsoft Visual Studio Solution File, Format Version 12.00
# Visual Studio Version 17
VisualStudioVersion = 17.11.35208.52
MinimumVisualStudioVersion = 10.0.40219.1
Project("{FAE04EC0-301F-11D3-BF4B-00C04F79EFBC}") = "BookMeServer", "BookMeServer\BookMeServer.csproj", "{5F43D667-74D5-4747-AC4A-F88F8EA05BA4}"
EndProject
Global
	GlobalSection(SolutionConfigurationPlatforms) = preSolution
		Debug|Any CPU = Debug|Any CPU
		Release|Any CPU = Release|Any CPU
	EndGlobalSection
	GlobalSection(ProjectConfigurationPlatforms) = postSolution
		{5F43D667-74D5-4747-AC4A-F88F8EA05BA4}.Debug|Any CPU.ActiveCfg = Debug|Any CPU
		{5F43D667-74D5-4747-AC4A-F88F8EA05BA4}.Debug|Any CPU.Build.0 = Debug|Any CPU
		{5F43D667-74D5-4747-AC4A-F88F8EA05BA4}.Release|Any CPU.ActiveCfg = Release|Any CPU
		{5F43D667-74D5-4747-AC4A-F88F8EA05BA4}.Release|Any CPU.Build.0 = Release|Any CPU
	EndGlobalSection
	GlobalSection(SolutionProperties) = preSolution
		HideSolutionNode = FALSE
	EndGlobalSection
	GlobalSection(ExtensibilityGlobals) = postSolution
		SolutionGuid = {644F108C-383B-46F7-B70C-4BCE4431FF48}
	EndGlobalSection
EndGlobal
